
Microsoft Visual Studio Solution File, Format Version 12.00
# Visual Studio Version 17
VisualStudioVersion = 17.7.34018.315
MinimumVisualStudioVersion = 10.0.40219.1
Project("{FAE04EC0-301F-11D3-BF4B-00C04F79EFBC}") = "M450", "M450\M450.csproj", "{83AA804C-5495-4509-9462-783374C72F0C}"
EndProject
Project("{2150E333-8FDC-42A3-9474-1A3956D46DE8}") = "Solution Items", "Solution Items", "{8A21999B-E52D-4920-AFB5-7520E510B546}"
EndProject
Global
	GlobalSection(SolutionConfigurationPlatforms) = preSolution
		Debug|Any CPU = Debug|Any CPU
		Release|Any CPU = Release|Any CPU
	EndGlobalSection
	GlobalSection(ProjectConfigurationPlatforms) = postSolution
		{83AA804C-5495-4509-9462-783374C72F0C}.Debug|Any CPU.ActiveCfg = Debug|Any CPU
		{83AA804C-5495-4509-9462-783374C72F0C}.Debug|Any CPU.Build.0 = Debug|Any CPU
		{83AA804C-5495-4509-9462-783374C72F0C}.Release|Any CPU.ActiveCfg = Release|Any CPU
		{83AA804C-5495-4509-9462-783374C72F0C}.Release|Any CPU.Build.0 = Release|Any CPU
	EndGlobalSection
	GlobalSection(SolutionProperties) = preSolution
		HideSolutionNode = FALSE
	EndGlobalSection
	GlobalSection(ExtensibilityGlobals) = postSolution
		SolutionGuid = {5CA5117A-DD29-42B8-9908-C3CE2A1862D8}
	EndGlobalSection
EndGlobal
